// !$*UTF8*$!
{
	archiveVersion = 1;
	classes = {
	};
	objectVersion = 55;
	objects = {

/* Begin PBXBuildFile section */
		CA20DA482879E45F00E60E4D /* AppDelegate.swift in Sources */ = {isa = PBXBuildFile; fileRef = CA20DA472879E45F00E60E4D /* AppDelegate.swift */; };
		CA20DA4A2879E45F00E60E4D /* SceneDelegate.swift in Sources */ = {isa = PBXBuildFile; fileRef = CA20DA492879E45F00E60E4D /* SceneDelegate.swift */; };
		CA20DA4C2879E45F00E60E4D /* ViewController.swift in Sources */ = {isa = PBXBuildFile; fileRef = CA20DA4B2879E45F00E60E4D /* ViewController.swift */; };
		CA20DA4F2879E45F00E60E4D /* Main.storyboard in Resources */ = {isa = PBXBuildFile; fileRef = CA20DA4D2879E45F00E60E4D /* Main.storyboard */; };
		CA20DA512879E45F00E60E4D /* Assets.xcassets in Resources */ = {isa = PBXBuildFile; fileRef = CA20DA502879E45F00E60E4D /* Assets.xcassets */; };
		CA20DA542879E45F00E60E4D /* LaunchScreen.storyboard in Resources */ = {isa = PBXBuildFile; fileRef = CA20DA522879E45F00E60E4D /* LaunchScreen.storyboard */; };
		CA20DA5F2879E46000E60E4D /* TestTests.swift in Sources */ = {isa = PBXBuildFile; fileRef = CA20DA5E2879E46000E60E4D /* TestTests.swift */; };
		CA20DA692879E46000E60E4D /* TestUITests.swift in Sources */ = {isa = PBXBuildFile; fileRef = CA20DA682879E46000E60E4D /* TestUITests.swift */; };
		CA20DA6B2879E46000E60E4D /* TestUITestsLaunchTests.swift in Sources */ = {isa = PBXBuildFile; fileRef = CA20DA6A2879E46000E60E4D /* TestUITestsLaunchTests.swift */; };
/* End PBXBuildFile section */

/* Begin PBXContainerItemProxy section */
		CA20DA5B2879E46000E60E4D /* PBXContainerItemProxy */ = {
			isa = PBXContainerItemProxy;
			containerPortal = CA20DA3C2879E45F00E60E4D /* Project object */;
			proxyType = 1;
			remoteGlobalIDString = CA20DA432879E45F00E60E4D;
			remoteInfo = Test;
		};
		CA20DA652879E46000E60E4D /* PBXContainerItemProxy */ = {
			isa = PBXContainerItemProxy;
			containerPortal = CA20DA3C2879E45F00E60E4D /* Project object */;
			proxyType = 1;
			remoteGlobalIDString = CA20DA432879E45F00E60E4D;
			remoteInfo = Test;
		};
/* End PBXContainerItemProxy section */

/* Begin PBXFileReference section */
		CA20DA442879E45F00E60E4D /* Test.app */ = {isa = PBXFileReference; explicitFileType = wrapper.application; includeInIndex = 0; path = Test.app; sourceTree = BUILT_PRODUCTS_DIR; };
		CA20DA472879E45F00E60E4D /* AppDelegate.swift */ = {isa = PBXFileReference; lastKnownFileType = sourcecode.swift; path = AppDelegate.swift; sourceTree = "<group>"; };
		CA20DA492879E45F00E60E4D /* SceneDelegate.swift */ = {isa = PBXFileReference; lastKnownFileType = sourcecode.swift; path = SceneDelegate.swift; sourceTree = "<group>"; };
		CA20DA4B2879E45F00E60E4D /* ViewController.swift */ = {isa = PBXFileReference; lastKnownFileType = sourcecode.swift; path = ViewController.swift; sourceTree = "<group>"; };
		CA20DA4E2879E45F00E60E4D /* Base */ = {isa = PBXFileReference; lastKnownFileType = file.storyboard; name = Base; path = Base.lproj/Main.storyboard; sourceTree = "<group>"; };
		CA20DA502879E45F00E60E4D /* Assets.xcassets */ = {isa = PBXFileReference; lastKnownFileType = folder.assetcatalog; path = Assets.xcassets; sourceTree = "<group>"; };
		CA20DA532879E45F00E60E4D /* Base */ = {isa = PBXFileReference; lastKnownFileType = file.storyboard; name = Base; path = Base.lproj/LaunchScreen.storyboard; sourceTree = "<group>"; };
		CA20DA552879E45F00E60E4D /* Info.plist */ = {isa = PBXFileReference; lastKnownFileType = text.plist.xml; path = Info.plist; sourceTree = "<group>"; };
		CA20DA5A2879E46000E60E4D /* TestTests.xctest */ = {isa = PBXFileReference; explicitFileType = wrapper.cfbundle; includeInIndex = 0; path = TestTests.xctest; sourceTree = BUILT_PRODUCTS_DIR; };
		CA20DA5E2879E46000E60E4D /* TestTests.swift */ = {isa = PBXFileReference; lastKnownFileType = sourcecode.swift; path = TestTests.swift; sourceTree = "<group>"; };
		CA20DA642879E46000E60E4D /* TestUITests.xctest */ = {isa = PBXFileReference; explicitFileType = wrapper.cfbundle; includeInIndex = 0; path = TestUITests.xctest; sourceTree = BUILT_PRODUCTS_DIR; };
		CA20DA682879E46000E60E4D /* TestUITests.swift */ = {isa = PBXFileReference; lastKnownFileType = sourcecode.swift; path = TestUITests.swift; sourceTree = "<group>"; };
		CA20DA6A2879E46000E60E4D /* TestUITestsLaunchTests.swift */ = {isa = PBXFileReference; lastKnownFileType = sourcecode.swift; path = TestUITestsLaunchTests.swift; sourceTree = "<group>"; };
/* End PBXFileReference section */

/* Begin PBXFrameworksBuildPhase section */
		CA20DA412879E45F00E60E4D /* Frameworks */ = {
			isa = PBXFrameworksBuildPhase;
			buildActionMask = 2147483647;
			files = (
			);
			runOnlyForDeploymentPostprocessing = 0;
		};
		CA20DA572879E46000E60E4D /* Frameworks */ = {
			isa = PBXFrameworksBuildPhase;
			buildActionMask = 2147483647;
			files = (
			);
			runOnlyForDeploymentPostprocessing = 0;
		};
		CA20DA612879E46000E60E4D /* Frameworks */ = {
			isa = PBXFrameworksBuildPhase;
			buildActionMask = 2147483647;
			files = (
			);
			runOnlyForDeploymentPostprocessing = 0;
		};
/* End PBXFrameworksBuildPhase section */

/* Begin PBXGroup section */
		CA20DA3B2879E45F00E60E4D = {
			isa = PBXGroup;
			children = (
				CA20DA462879E45F00E60E4D /* Test */,
				CA20DA5D2879E46000E60E4D /* TestTests */,
				CA20DA672879E46000E60E4D /* TestUITests */,
				CA20DA452879E45F00E60E4D /* Products */,
			);
			sourceTree = "<group>";
		};
		CA20DA452879E45F00E60E4D /* Products */ = {
			isa = PBXGroup;
			children = (
				CA20DA442879E45F00E60E4D /* Test.app */,
				CA20DA5A2879E46000E60E4D /* TestTests.xctest */,
				CA20DA642879E46000E60E4D /* TestUITests.xctest */,
			);
			name = Products;
			sourceTree = "<group>";
		};
		CA20DA462879E45F00E60E4D /* Test */ = {
			isa = PBXGroup;
			children = (
				CA20DA472879E45F00E60E4D /* AppDelegate.swift */,
				CA20DA492879E45F00E60E4D /* SceneDelegate.swift */,
				CA20DA4B2879E45F00E60E4D /* ViewController.swift */,
				CA20DA4D2879E45F00E60E4D /* Main.storyboard */,
				CA20DA502879E45F00E60E4D /* Assets.xcassets */,
				CA20DA522879E45F00E60E4D /* LaunchScreen.storyboard */,
				CA20DA552879E45F00E60E4D /* Info.plist */,
			);
			path = Test;
			sourceTree = "<group>";
		};
		CA20DA5D2879E46000E60E4D /* TestTests */ = {
			isa = PBXGroup;
			children = (
				CA20DA5E2879E46000E60E4D /* TestTests.swift */,
			);
			path = TestTests;
			sourceTree = "<group>";
		};
		CA20DA672879E46000E60E4D /* TestUITests */ = {
			isa = PBXGroup;
			children = (
				CA20DA682879E46000E60E4D /* TestUITests.swift */,
				CA20DA6A2879E46000E60E4D /* TestUITestsLaunchTests.swift */,
			);
			path = TestUITests;
			sourceTree = "<group>";
		};
/* End PBXGroup section */

/* Begin PBXNativeTarget section */
		CA20DA432879E45F00E60E4D /* Test */ = {
			isa = PBXNativeTarget;
			buildConfigurationList = CA20DA6E2879E46000E60E4D /* Build configuration list for PBXNativeTarget "Test" */;
			buildPhases = (
				CA20DA402879E45F00E60E4D /* Sources */,
				CA20DA412879E45F00E60E4D /* Frameworks */,
				CA20DA422879E45F00E60E4D /* Resources */,
			);
			buildRules = (
			);
			dependencies = (
			);
			name = Test;
			productName = Test;
			productReference = CA20DA442879E45F00E60E4D /* Test.app */;
			productType = "com.apple.product-type.application";
		};
		CA20DA592879E46000E60E4D /* TestTests */ = {
			isa = PBXNativeTarget;
			buildConfigurationList = CA20DA712879E46000E60E4D /* Build configuration list for PBXNativeTarget "TestTests" */;
			buildPhases = (
				CA20DA562879E46000E60E4D /* Sources */,
				CA20DA572879E46000E60E4D /* Frameworks */,
				CA20DA582879E46000E60E4D /* Resources */,
			);
			buildRules = (
			);
			dependencies = (
				CA20DA5C2879E46000E60E4D /* PBXTargetDependency */,
			);
			name = TestTests;
			productName = TestTests;
			productReference = CA20DA5A2879E46000E60E4D /* TestTests.xctest */;
			productType = "com.apple.product-type.bundle.unit-test";
		};
		CA20DA632879E46000E60E4D /* TestUITests */ = {
			isa = PBXNativeTarget;
			buildConfigurationList = CA20DA742879E46000E60E4D /* Build configuration list for PBXNativeTarget "TestUITests" */;
			buildPhases = (
				CA20DA602879E46000E60E4D /* Sources */,
				CA20DA612879E46000E60E4D /* Frameworks */,
				CA20DA622879E46000E60E4D /* Resources */,
			);
			buildRules = (
			);
			dependencies = (
				CA20DA662879E46000E60E4D /* PBXTargetDependency */,
			);
			name = TestUITests;
			productName = TestUITests;
			productReference = CA20DA642879E46000E60E4D /* TestUITests.xctest */;
			productType = "com.apple.product-type.bundle.ui-testing";
		};
/* End PBXNativeTarget section */

/* Begin PBXProject section */
		CA20DA3C2879E45F00E60E4D /* Project object */ = {
			isa = PBXProject;
			attributes = {
				BuildIndependentTargetsInParallel = 1;
				LastSwiftUpdateCheck = 1340;
				LastUpgradeCheck = 1340;
				TargetAttributes = {
					CA20DA432879E45F00E60E4D = {
						CreatedOnToolsVersion = 13.4.1;
					};
					CA20DA592879E46000E60E4D = {
						CreatedOnToolsVersion = 13.4.1;
						TestTargetID = CA20DA432879E45F00E60E4D;
					};
					CA20DA632879E46000E60E4D = {
						CreatedOnToolsVersion = 13.4.1;
						TestTargetID = CA20DA432879E45F00E60E4D;
					};
				};
			};
			buildConfigurationList = CA20DA3F2879E45F00E60E4D /* Build configuration list for PBXProject "Test" */;
			compatibilityVersion = "Xcode 13.0";
			developmentRegion = en;
			hasScannedForEncodings = 0;
			knownRegions = (
				en,
				Base,
			);
			mainGroup = CA20DA3B2879E45F00E60E4D;
			productRefGroup = CA20DA452879E45F00E60E4D /* Products */;
			projectDirPath = "";
			projectRoot = "";
			targets = (
				CA20DA432879E45F00E60E4D /* Test */,
				CA20DA592879E46000E60E4D /* TestTests */,
				CA20DA632879E46000E60E4D /* TestUITests */,
			);
		};
/* End PBXProject section */

/* Begin PBXResourcesBuildPhase section */
		CA20DA422879E45F00E60E4D /* Resources */ = {
			isa = PBXResourcesBuildPhase;
			buildActionMask = 2147483647;
			files = (
				CA20DA542879E45F00E60E4D /* LaunchScreen.storyboard in Resources */,
				CA20DA512879E45F00E60E4D /* Assets.xcassets in Resources */,
				CA20DA4F2879E45F00E60E4D /* Main.storyboard in Resources */,
			);
			runOnlyForDeploymentPostprocessing = 0;
		};
		CA20DA582879E46000E60E4D /* Resources */ = {
			isa = PBXResourcesBuildPhase;
			buildActionMask = 2147483647;
			files = (
			);
			runOnlyForDeploymentPostprocessing = 0;
		};
		CA20DA622879E46000E60E4D /* Resources */ = {
			isa = PBXResourcesBuildPhase;
			buildActionMask = 2147483647;
			files = (
			);
			runOnlyForDeploymentPostprocessing = 0;
		};
/* End PBXResourcesBuildPhase section */

/* Begin PBXSourcesBuildPhase section */
		CA20DA402879E45F00E60E4D /* Sources */ = {
			isa = PBXSourcesBuildPhase;
			buildActionMask = 2147483647;
			files = (
				CA20DA4C2879E45F00E60E4D /* ViewController.swift in Sources */,
				CA20DA482879E45F00E60E4D /* AppDelegate.swift in Sources */,
				CA20DA4A2879E45F00E60E4D /* SceneDelegate.swift in Sources */,
			);
			runOnlyForDeploymentPostprocessing = 0;
		};
		CA20DA562879E46000E60E4D /* Sources */ = {
			isa = PBXSourcesBuildPhase;
			buildActionMask = 2147483647;
			files = (
				CA20DA5F2879E46000E60E4D /* TestTests.swift in Sources */,
			);
			runOnlyForDeploymentPostprocessing = 0;
		};
		CA20DA602879E46000E60E4D /* Sources */ = {
			isa = PBXSourcesBuildPhase;
			buildActionMask = 2147483647;
			files = (
				CA20DA6B2879E46000E60E4D /* TestUITestsLaunchTests.swift in Sources */,
				CA20DA692879E46000E60E4D /* TestUITests.swift in Sources */,
			);
			runOnlyForDeploymentPostprocessing = 0;
		};
/* End PBXSourcesBuildPhase section */

/* Begin PBXTargetDependency section */
		CA20DA5C2879E46000E60E4D /* PBXTargetDependency */ = {
			isa = PBXTargetDependency;
			target = CA20DA432879E45F00E60E4D /* Test */;
			targetProxy = CA20DA5B2879E46000E60E4D /* PBXContainerItemProxy */;
		};
		CA20DA662879E46000E60E4D /* PBXTargetDependency */ = {
			isa = PBXTargetDependency;
			target = CA20DA432879E45F00E60E4D /* Test */;
			targetProxy = CA20DA652879E46000E60E4D /* PBXContainerItemProxy */;
		};
/* End PBXTargetDependency section */

/* Begin PBXVariantGroup section */
		CA20DA4D2879E45F00E60E4D /* Main.storyboard */ = {
			isa = PBXVariantGroup;
			children = (
				CA20DA4E2879E45F00E60E4D /* Base */,
			);
			name = Main.storyboard;
			sourceTree = "<group>";
		};
		CA20DA522879E45F00E60E4D /* LaunchScreen.storyboard */ = {
			isa = PBXVariantGroup;
			children = (
				CA20DA532879E45F00E60E4D /* Base */,
			);
			name = LaunchScreen.storyboard;
			sourceTree = "<group>";
		};
/* End PBXVariantGroup section */

/* Begin XCBuildConfiguration section */
		CA20DA6C2879E46000E60E4D /* Debug */ = {
			isa = XCBuildConfiguration;
			buildSettings = {
				ALWAYS_SEARCH_USER_PATHS = NO;
				CLANG_ANALYZER_NONNULL = YES;
				CLANG_ANALYZER_NUMBER_OBJECT_CONVERSION = YES_AGGRESSIVE;
				CLANG_CXX_LANGUAGE_STANDARD = "gnu++17";
				CLANG_ENABLE_MODULES = YES;
				CLANG_ENABLE_OBJC_ARC = YES;
				CLANG_ENABLE_OBJC_WEAK = YES;
				CLANG_WARN_BLOCK_CAPTURE_AUTORELEASING = YES;
				CLANG_WARN_BOOL_CONVERSION = YES;
				CLANG_WARN_COMMA = YES;
				CLANG_WARN_CONSTANT_CONVERSION = YES;
				CLANG_WARN_DEPRECATED_OBJC_IMPLEMENTATIONS = YES;
				CLANG_WARN_DIRECT_OBJC_ISA_USAGE = YES_ERROR;
				CLANG_WARN_DOCUMENTATION_COMMENTS = YES;
				CLANG_WARN_EMPTY_BODY = YES;
				CLANG_WARN_ENUM_CONVERSION = YES;
				CLANG_WARN_INFINITE_RECURSION = YES;
				CLANG_WARN_INT_CONVERSION = YES;
				CLANG_WARN_NON_LITERAL_NULL_CONVERSION = YES;
				CLANG_WARN_OBJC_IMPLICIT_RETAIN_SELF = YES;
				CLANG_WARN_OBJC_LITERAL_CONVERSION = YES;
				CLANG_WARN_OBJC_ROOT_CLASS = YES_ERROR;
				CLANG_WARN_QUOTED_INCLUDE_IN_FRAMEWORK_HEADER = YES;
				CLANG_WARN_RANGE_LOOP_ANALYSIS = YES;
				CLANG_WARN_STRICT_PROTOTYPES = YES;
				CLANG_WARN_SUSPICIOUS_MOVE = YES;
				CLANG_WARN_UNGUARDED_AVAILABILITY = YES_AGGRESSIVE;
				CLANG_WARN_UNREACHABLE_CODE = YES;
				CLANG_WARN__DUPLICATE_METHOD_MATCH = YES;
				COPY_PHASE_STRIP = NO;
				DEBUG_INFORMATION_FORMAT = dwarf;
				ENABLE_STRICT_OBJC_MSGSEND = YES;
				ENABLE_TESTABILITY = YES;
				GCC_C_LANGUAGE_STANDARD = gnu11;
				GCC_DYNAMIC_NO_PIC = NO;
				GCC_NO_COMMON_BLOCKS = YES;
				GCC_OPTIMIZATION_LEVEL = 0;
				GCC_PREPROCESSOR_DEFINITIONS = (
					"DEBUG=1",
					"$(inherited)",
				);
				GCC_WARN_64_TO_32_BIT_CONVERSION = YES;
				GCC_WARN_ABOUT_RETURN_TYPE = YES_ERROR;
				GCC_WARN_UNDECLARED_SELECTOR = YES;
				GCC_WARN_UNINITIALIZED_AUTOS = YES_AGGRESSIVE;
				GCC_WARN_UNUSED_FUNCTION = YES;
				GCC_WARN_UNUSED_VARIABLE = YES;
				IPHONEOS_DEPLOYMENT_TARGET = 15.5;
				MTL_ENABLE_DEBUG_INFO = INCLUDE_SOURCE;
				MTL_FAST_MATH = YES;
				ONLY_ACTIVE_ARCH = YES;
				SDKROOT = iphoneos;
				SWIFT_ACTIVE_COMPILATION_CONDITIONS = DEBUG;
				SWIFT_OPTIMIZATION_LEVEL = "-Onone";
			};
			name = Debug;
		};
		CA20DA6D2879E46000E60E4D /* Release */ = {
			isa = XCBuildConfiguration;
			buildSettings = {
				ALWAYS_SEARCH_USER_PATHS = NO;
				CLANG_ANALYZER_NONNULL = YES;
				CLANG_ANALYZER_NUMBER_OBJECT_CONVERSION = YES_AGGRESSIVE;
				CLANG_CXX_LANGUAGE_STANDARD = "gnu++17";
				CLANG_ENABLE_MODULES = YES;
				CLANG_ENABLE_OBJC_ARC = YES;
				CLANG_ENABLE_OBJC_WEAK = YES;
				CLANG_WARN_BLOCK_CAPTURE_AUTORELEASING = YES;
				CLANG_WARN_BOOL_CONVERSION = YES;
				CLANG_WARN_COMMA = YES;
				CLANG_WARN_CONSTANT_CONVERSION = YES;
				CLANG_WARN_DEPRECATED_OBJC_IMPLEMENTATIONS = YES;
				CLANG_WARN_DIRECT_OBJC_ISA_USAGE = YES_ERROR;
				CLANG_WARN_DOCUMENTATION_COMMENTS = YES;
				CLANG_WARN_EMPTY_BODY = YES;
				CLANG_WARN_ENUM_CONVERSION = YES;
				CLANG_WARN_INFINITE_RECURSION = YES;
				CLANG_WARN_INT_CONVERSION = YES;
				CLANG_WARN_NON_LITERAL_NULL_CONVERSION = YES;
				CLANG_WARN_OBJC_IMPLICIT_RETAIN_SELF = YES;
				CLANG_WARN_OBJC_LITERAL_CONVERSION = YES;
				CLANG_WARN_OBJC_ROOT_CLASS = YES_ERROR;
				CLANG_WARN_QUOTED_INCLUDE_IN_FRAMEWORK_HEADER = YES;
				CLANG_WARN_RANGE_LOOP_ANALYSIS = YES;
				CLANG_WARN_STRICT_PROTOTYPES = YES;
				CLANG_WARN_SUSPICIOUS_MOVE = YES;
				CLANG_WARN_UNGUARDED_AVAILABILITY = YES_AGGRESSIVE;
				CLANG_WARN_UNREACHABLE_CODE = YES;
				CLANG_WARN__DUPLICATE_METHOD_MATCH = YES;
				COPY_PHASE_STRIP = NO;
				DEBUG_INFORMATION_FORMAT = "dwarf-with-dsym";
				ENABLE_NS_ASSERTIONS = NO;
				ENABLE_STRICT_OBJC_MSGSEND = YES;
				GCC_C_LANGUAGE_STANDARD = gnu11;
				GCC_NO_COMMON_BLOCKS = YES;
				GCC_WARN_64_TO_32_BIT_CONVERSION = YES;
				GCC_WARN_ABOUT_RETURN_TYPE = YES_ERROR;
				GCC_WARN_UNDECLARED_SELECTOR = YES;
				GCC_WARN_UNINITIALIZED_AUTOS = YES_AGGRESSIVE;
				GCC_WARN_UNUSED_FUNCTION = YES;
				GCC_WARN_UNUSED_VARIABLE = YES;
				IPHONEOS_DEPLOYMENT_TARGET = 15.5;
				MTL_ENABLE_DEBUG_INFO = NO;
				MTL_FAST_MATH = YES;
				SDKROOT = iphoneos;
				SWIFT_COMPILATION_MODE = wholemodule;
				SWIFT_OPTIMIZATION_LEVEL = "-O";
				VALIDATE_PRODUCT = YES;
			};
			name = Release;
		};
		CA20DA6F2879E46000E60E4D /* Debug */ = {
			isa = XCBuildConfiguration;
			buildSettings = {
				ASSETCATALOG_COMPILER_APPICON_NAME = AppIcon;
				ASSETCATALOG_COMPILER_GLOBAL_ACCENT_COLOR_NAME = AccentColor;
				CODE_SIGN_STYLE = Automatic;
				CURRENT_PROJECT_VERSION = 1;
				DEVELOPMENT_TEAM = 8ZH35KKWH9;
				GENERATE_INFOPLIST_FILE = YES;
				INFOPLIST_FILE = Test/Info.plist;
				INFOPLIST_KEY_UIApplicationSupportsIndirectInputEvents = YES;
				INFOPLIST_KEY_UILaunchStoryboardName = LaunchScreen;
				INFOPLIST_KEY_UIMainStoryboardFile = Main;
				INFOPLIST_KEY_UISupportedInterfaceOrientations_iPad = "UIInterfaceOrientationPortrait UIInterfaceOrientationPortraitUpsideDown UIInterfaceOrientationLandscapeLeft UIInterfaceOrientationLandscapeRight";
				INFOPLIST_KEY_UISupportedInterfaceOrientations_iPhone = "UIInterfaceOrientationPortrait UIInterfaceOrientationLandscapeLeft UIInterfaceOrientationLandscapeRight";
				LD_RUNPATH_SEARCH_PATHS = (
					"$(inherited)",
					"@executable_path/Frameworks",
				);
				MARKETING_VERSION = 1.0;
				PRODUCT_BUNDLE_IDENTIFIER = Sasha.Test;
				PRODUCT_NAME = "$(TARGET_NAME)";
				SWIFT_EMIT_LOC_STRINGS = YES;
				SWIFT_VERSION = 5.0;
				TARGETED_DEVICE_FAMILY = "1,2";
			};
			name = Debug;
		};
		CA20DA702879E46000E60E4D /* Release */ = {
			isa = XCBuildConfiguration;
			buildSettings = {
				ASSETCATALOG_COMPILER_APPICON_NAME = AppIcon;
				ASSETCATALOG_COMPILER_GLOBAL_ACCENT_COLOR_NAME = AccentColor;
				CODE_SIGN_STYLE = Automatic;
				CURRENT_PROJECT_VERSION = 1;
				DEVELOPMENT_TEAM = 8ZH35KKWH9;
				GENERATE_INFOPLIST_FILE = YES;
				INFOPLIST_FILE = Test/Info.plist;
				INFOPLIST_KEY_UIApplicationSupportsIndirectInputEvents = YES;
				INFOPLIST_KEY_UILaunchStoryboardName = LaunchScreen;
				INFOPLIST_KEY_UIMainStoryboardFile = Main;
				INFOPLIST_KEY_UISupportedInterfaceOrientations_iPad = "UIInterfaceOrientationPortrait UIInterfaceOrientationPortraitUpsideDown UIInterfaceOrientationLandscapeLeft UIInterfaceOrientationLandscapeRight";
				INFOPLIST_KEY_UISupportedInterfaceOrientations_iPhone = "UIInterfaceOrientationPortrait UIInterfaceOrientationLandscapeLeft UIInterfaceOrientationLandscapeRight";
				LD_RUNPATH_SEARCH_PATHS = (
					"$(inherited)",
					"@executable_path/Frameworks",
				);
				MARKETING_VERSION = 1.0;
				PRODUCT_BUNDLE_IDENTIFIER = Sasha.Test;
				PRODUCT_NAME = "$(TARGET_NAME)";
				SWIFT_EMIT_LOC_STRINGS = YES;
				SWIFT_VERSION = 5.0;
				TARGETED_DEVICE_FAMILY = "1,2";
			};
			name = Release;
		};
		CA20DA722879E46000E60E4D /* Debug */ = {
			isa = XCBuildConfiguration;
			buildSettings = {
				ALWAYS_EMBED_SWIFT_STANDARD_LIBRARIES = YES;
				BUNDLE_LOADER = "$(TEST_HOST)";
				CODE_SIGN_STYLE = Automatic;
				CURRENT_PROJECT_VERSION = 1;
				DEVELOPMENT_TEAM = 8ZH35KKWH9;
				GENERATE_INFOPLIST_FILE = YES;
				IPHONEOS_DEPLOYMENT_TARGET = 15.5;
				MARKETING_VERSION = 1.0;
				PRODUCT_BUNDLE_IDENTIFIER = Sasha.TestTests;
				PRODUCT_NAME = "$(TARGET_NAME)";
				SWIFT_EMIT_LOC_STRINGS = NO;
				SWIFT_VERSION = 5.0;
				TARGETED_DEVICE_FAMILY = "1,2";
				TEST_HOST = "$(BUILT_PRODUCTS_DIR)/Test.app/Test";
			};
			name = Debug;
		};
		CA20DA732879E46000E60E4D /* Release */ = {
			isa = XCBuildConfiguration;
			buildSettings = {
				ALWAYS_EMBED_SWIFT_STANDARD_LIBRARIES = YES;
				BUNDLE_LOADER = "$(TEST_HOST)";
				CODE_SIGN_STYLE = Automatic;
				CURRENT_PROJECT_VERSION = 1;
				DEVELOPMENT_TEAM = 8ZH35KKWH9;
				GENERATE_INFOPLIST_FILE = YES;
				IPHONEOS_DEPLOYMENT_TARGET = 15.5;
				MARKETING_VERSION = 1.0;
				PRODUCT_BUNDLE_IDENTIFIER = Sasha.TestTests;
				PRODUCT_NAME = "$(TARGET_NAME)";
				SWIFT_EMIT_LOC_STRINGS = NO;
				SWIFT_VERSION = 5.0;
				TARGETED_DEVICE_FAMILY = "1,2";
				TEST_HOST = "$(BUILT_PRODUCTS_DIR)/Test.app/Test";
			};
			name = Release;
		};
		CA20DA752879E46000E60E4D /* Debug */ = {
			isa = XCBuildConfiguration;
			buildSettings = {
				ALWAYS_EMBED_SWIFT_STANDARD_LIBRARIES = YES;
				CODE_SIGN_STYLE = Automatic;
				CURRENT_PROJECT_VERSION = 1;
				DEVELOPMENT_TEAM = 8ZH35KKWH9;
				GENERATE_INFOPLIST_FILE = YES;
				MARKETING_VERSION = 1.0;
				PRODUCT_BUNDLE_IDENTIFIER = Sasha.TestUITests;
				PRODUCT_NAME = "$(TARGET_NAME)";
				SWIFT_EMIT_LOC_STRINGS = NO;
				SWIFT_VERSION = 5.0;
				TARGETED_DEVICE_FAMILY = "1,2";
				TEST_TARGET_NAME = Test;
			};
			name = Debug;
		};
		CA20DA762879E46000E60E4D /* Release */ = {
			isa = XCBuildConfiguration;
			buildSettings = {
				ALWAYS_EMBED_SWIFT_STANDARD_LIBRARIES = YES;
				CODE_SIGN_STYLE = Automatic;
				CURRENT_PROJECT_VERSION = 1;
				DEVELOPMENT_TEAM = 8ZH35KKWH9;
				GENERATE_INFOPLIST_FILE = YES;
				MARKETING_VERSION = 1.0;
				PRODUCT_BUNDLE_IDENTIFIER = Sasha.TestUITests;
				PRODUCT_NAME = "$(TARGET_NAME)";
				SWIFT_EMIT_LOC_STRINGS = NO;
				SWIFT_VERSION = 5.0;
				TARGETED_DEVICE_FAMILY = "1,2";
				TEST_TARGET_NAME = Test;
			};
			name = Release;
		};
/* End XCBuildConfiguration section */

/* Begin XCConfigurationList section */
		CA20DA3F2879E45F00E60E4D /* Build configuration list for PBXProject "Test" */ = {
			isa = XCConfigurationList;
			buildConfigurations = (
				CA20DA6C2879E46000E60E4D /* Debug */,
				CA20DA6D2879E46000E60E4D /* Release */,
			);
			defaultConfigurationIsVisible = 0;
			defaultConfigurationName = Release;
		};
		CA20DA6E2879E46000E60E4D /* Build configuration list for PBXNativeTarget "Test" */ = {
			isa = XCConfigurationList;
			buildConfigurations = (
				CA20DA6F2879E46000E60E4D /* Debug */,
				CA20DA702879E46000E60E4D /* Release */,
			);
			defaultConfigurationIsVisible = 0;
			defaultConfigurationName = Release;
		};
		CA20DA712879E46000E60E4D /* Build configuration list for PBXNativeTarget "TestTests" */ = {
			isa = XCConfigurationList;
			buildConfigurations = (
				CA20DA722879E46000E60E4D /* Debug */,
				CA20DA732879E46000E60E4D /* Release */,
			);
			defaultConfigurationIsVisible = 0;
			defaultConfigurationName = Release;
		};
		CA20DA742879E46000E60E4D /* Build configuration list for PBXNativeTarget "TestUITests" */ = {
			isa = XCConfigurationList;
			buildConfigurations = (
				CA20DA752879E46000E60E4D /* Debug */,
				CA20DA762879E46000E60E4D /* Release */,
			);
			defaultConfigurationIsVisible = 0;
			defaultConfigurationName = Release;
		};
/* End XCConfigurationList section */
	};
	rootObject = CA20DA3C2879E45F00E60E4D /* Project object */;
}
